{
  "version": 4,
  "terraform_version": "1.13.5",
  "serial": 35,
  "lineage": "0e7e05a1-b334-dfcb-ca44-5984175ea397",
  "outputs": {},
  "resources": [
    {
      "mode": "managed",
      "type": "local_file",
      "name": "freshfood_test",
      "provider": "provider[\"registry.terraform.io/hashicorp/local\"]",
      "instances": [
        {
          "index_key": 0,
          "schema_version": 0,
          "attributes": {
            "content": "Hi Nibin, Terraform says hi!!!!!!",
            "content_base64": null,
            "content_base64sha256": "QLBkCbbFnHW37UFuU/w3Z7dDk6eyz2ptRdUOEsxGf0Y=",
            "content_base64sha512": "ysmKOAL73DRJov3b3OwfnjrMBhWUjOXz4Bci4mr+KVvtcHTuxXceHtpO/fizh5OevVY2vwoNqKKB0d8TsKgAIQ==",
            "content_md5": "6c2dc1686384558666dbc164a2a9ff3e",
            "content_sha1": "d14e5f09cfa310a2a72e64a129210ce85e6851d2",
            "content_sha256": "40b06409b6c59c75b7ed416e53fc3767b74393a7b2cf6a6d45d50e12cc467f46",
            "content_sha512": "cac98a3802fbdc3449a2fddbdcec1f9e3acc0615948ce5f3e01722e26afe295bed7074eec5771e1eda4efdf8b387939ebd5636bf0a0da8a281d1df13b0a80021",
            "directory_permission": "0777",
            "file_permission": "0777",
            "filename": "/Users/ASUS/OneDrive/Desktop/freshfoodtest-master/terraform/TFfile0.txt",
            "id": "d14e5f09cfa310a2a72e64a129210ce85e6851d2",
            "sensitive_content": null,
            "source": null
          },
          "sensitive_attributes": [
            [
              {
                "type": "get_attr",
                "value": "sensitive_content"
              }
            ]
          ],
          "identity_schema_version": 0
        },
        {
          "index_key": 1,
          "schema_version": 0,
          "attributes": {
            "content": "Hi Nibin, Terraform says hi!!!!!!",
            "content_base64": null,
            "content_base64sha256": "QLBkCbbFnHW37UFuU/w3Z7dDk6eyz2ptRdUOEsxGf0Y=",
            "content_base64sha512": "ysmKOAL73DRJov3b3OwfnjrMBhWUjOXz4Bci4mr+KVvtcHTuxXceHtpO/fizh5OevVY2vwoNqKKB0d8TsKgAIQ==",
            "content_md5": "6c2dc1686384558666dbc164a2a9ff3e",
            "content_sha1": "d14e5f09cfa310a2a72e64a129210ce85e6851d2",
            "content_sha256": "40b06409b6c59c75b7ed416e53fc3767b74393a7b2cf6a6d45d50e12cc467f46",
            "content_sha512": "cac98a3802fbdc3449a2fddbdcec1f9e3acc0615948ce5f3e01722e26afe295bed7074eec5771e1eda4efdf8b387939ebd5636bf0a0da8a281d1df13b0a80021",
            "directory_permission": "0777",
            "file_permission": "0777",
            "filename": "/Users/ASUS/OneDrive/Desktop/freshfoodtest-master/terraform/TFfile1.txt",
            "id": "d14e5f09cfa310a2a72e64a129210ce85e6851d2",
            "sensitive_content": null,
            "source": null
          },
          "sensitive_attributes": [
            [
              {
                "type": "get_attr",
                "value": "sensitive_content"
              }
            ]
          ],
          "identity_schema_version": 0
        },
        {
          "index_key": 2,
          "schema_version": 0,
          "attributes": {
            "content": "Hi Nibin, Terraform says hi!!!!!!",
            "content_base64": null,
            "content_base64sha256": "QLBkCbbFnHW37UFuU/w3Z7dDk6eyz2ptRdUOEsxGf0Y=",
            "content_base64sha512": "ysmKOAL73DRJov3b3OwfnjrMBhWUjOXz4Bci4mr+KVvtcHTuxXceHtpO/fizh5OevVY2vwoNqKKB0d8TsKgAIQ==",
            "content_md5": "6c2dc1686384558666dbc164a2a9ff3e",
            "content_sha1": "d14e5f09cfa310a2a72e64a129210ce85e6851d2",
            "content_sha256": "40b06409b6c59c75b7ed416e53fc3767b74393a7b2cf6a6d45d50e12cc467f46",
            "content_sha512": "cac98a3802fbdc3449a2fddbdcec1f9e3acc0615948ce5f3e01722e26afe295bed7074eec5771e1eda4efdf8b387939ebd5636bf0a0da8a281d1df13b0a80021",
            "directory_permission": "0777",
            "file_permission": "0777",
            "filename": "/Users/ASUS/OneDrive/Desktop/freshfoodtest-master/terraform/TFfile2.txt",
            "id": "d14e5f09cfa310a2a72e64a129210ce85e6851d2",
            "sensitive_content": null,
            "source": null
          },
          "sensitive_attributes": [
            [
              {
                "type": "get_attr",
                "value": "sensitive_content"
              }
            ]
          ],
          "identity_schema_version": 0
        }
      ]
    },
    {
      "mode": "managed",
      "type": "local_sensitive_file",
      "name": "freshfood_test2",
      "provider": "provider[\"registry.terraform.io/hashicorp/local\"]",
      "instances": [
        {
          "schema_version": 0,
          "attributes": {
            "content": "This is sensitive info",
            "content_base64": null,
            "content_base64sha256": "J27I5OD+eITohDbKqeXW9cpXSMfgF7P37O20AhvF7e8=",
            "content_base64sha512": "R85c92z1pdXZvOc2Pr8x2BpZH2vpo0RxFP0uADgv7JRNvrE1p4KszJ7LWitHyUdVsbLh5Ff6xkXeOiOI7vpUHA==",
            "content_md5": "2624fb4304afe0f1054cde3187a138f4",
            "content_sha1": "6d35b229f898e19f63b66cf19b950865a7b37382",
            "content_sha256": "276ec8e4e0fe7884e88436caa9e5d6f5ca5748c7e017b3f7ecedb4021bc5edef",
            "content_sha512": "47ce5cf76cf5a5d5d9bce7363ebf31d81a591f6be9a3447114fd2e00382fec944dbeb135a782accc9ecb5a2b47c94755b1b2e1e457fac645de3a2388eefa541c",
            "directory_permission": "0700",
            "file_permission": "0700",
            "filename": "./TF2file.txt",
            "id": "6d35b229f898e19f63b66cf19b950865a7b37382",
            "source": null
          },
          "sensitive_attributes": [
            [
              {
                "type": "get_attr",
                "value": "content"
              }
            ],
            [
              {
                "type": "get_attr",
                "value": "content_base64"
              }
            ]
          ],
          "identity_schema_version": 0
        }
      ]
    }
  ],
  "check_results": null
}
