{
  "version": 4,
  "terraform_version": "1.13.5",
  "serial": 6,
  "lineage": "277bfbad-d50a-86a2-1cae-cb1a4125727f",
  "outputs": {},
  "resources": [
    {
      "mode": "managed",
      "type": "local_file",
      "name": "freshfood_test",
      "provider": "provider[\"registry.terraform.io/hashicorp/local\"]",
      "instances": [
        {
          "index_key": 0,
          "schema_version": 0,
          "attributes": {
            "content": "Hi Nibin, Terraform says hi!!!!!!",
            "content_base64": null,
            "content_base64sha256": "QLBkCbbFnHW37UFuU/w3Z7dDk6eyz2ptRdUOEsxGf0Y=",
            "content_base64sha512": "ysmKOAL73DRJov3b3OwfnjrMBhWUjOXz4Bci4mr+KVvtcHTuxXceHtpO/fizh5OevVY2vwoNqKKB0d8TsKgAIQ==",
            "content_md5": "6c2dc1686384558666dbc164a2a9ff3e",
            "content_sha1": "d14e5f09cfa310a2a72e64a129210ce85e6851d2",
            "content_sha256": "40b06409b6c59c75b7ed416e53fc3767b74393a7b2cf6a6d45d50e12cc467f46",
            "content_sha512": "cac98a3802fbdc3449a2fddbdcec1f9e3acc0615948ce5f3e01722e26afe295bed7074eec5771e1eda4efdf8b387939ebd5636bf0a0da8a281d1df13b0a80021",
            "directory_permission": "0777",
            "file_permission": "0777",
            "filename": "/Users/ASUS/OneDrive/Desktop/freshfoodtest-master/terraform/example.txt",
            "id": "d14e5f09cfa310a2a72e64a129210ce85e6851d2",
            "sensitive_content": null,
            "source": null
          },
          "sensitive_attributes": [
            [
              {
                "type": "get_attr",
                "value": "sensitive_content"
              }
            ]
          ],
          "identity_schema_version": 0
        }
      ]
    }
  ],
  "check_results": null
}
